
Microsoft Visual Studio Solution File, Format Version 12.00
# Visual Studio Version 17
VisualStudioVersion = 17.8.34309.116
MinimumVisualStudioVersion = 10.0.40219.1
Project("{FAE04EC0-301F-11D3-BF4B-00C04F79EFBC}") = "УП_1", "УП_1.csproj", "{D6B77EAB-0DF3-457A-B235-1155E2D6421D}"
EndProject
Global
	GlobalSection(SolutionConfigurationPlatforms) = preSolution
		Debug|Any CPU = Debug|Any CPU
		Release|Any CPU = Release|Any CPU
	EndGlobalSection
	GlobalSection(ProjectConfigurationPlatforms) = postSolution
		{D6B77EAB-0DF3-457A-B235-1155E2D6421D}.Debug|Any CPU.ActiveCfg = Debug|Any CPU
		{D6B77EAB-0DF3-457A-B235-1155E2D6421D}.Debug|Any CPU.Build.0 = Debug|Any CPU
		{D6B77EAB-0DF3-457A-B235-1155E2D6421D}.Release|Any CPU.ActiveCfg = Release|Any CPU
		{D6B77EAB-0DF3-457A-B235-1155E2D6421D}.Release|Any CPU.Build.0 = Release|Any CPU
	EndGlobalSection
	GlobalSection(SolutionProperties) = preSolution
		HideSolutionNode = FALSE
	EndGlobalSection
	GlobalSection(ExtensibilityGlobals) = postSolution
		SolutionGuid = {95B08D42-2738-4924-973D-D58AA7C071CD}
	EndGlobalSection
EndGlobal
